
Microsoft Visual Studio Solution File, Format Version 12.00
# Visual Studio Version 17
VisualStudioVersion = 17.2.32602.215
MinimumVisualStudioVersion = 10.0.40219.1
Project("{FAE04EC0-301F-11D3-BF4B-00C04F79EFBC}") = "FuckEdge", "FuckEdge\FuckEdge.csproj", "{365976EF-BAB9-45EE-9623-10EE36456EA3}"
EndProject
Global
	GlobalSection(SolutionConfigurationPlatforms) = preSolution
		Debug|Any CPU = Debug|Any CPU
		Release|Any CPU = Release|Any CPU
	EndGlobalSection
	GlobalSection(ProjectConfigurationPlatforms) = postSolution
		{365976EF-BAB9-45EE-9623-10EE36456EA3}.Debug|Any CPU.ActiveCfg = Debug|Any CPU
		{365976EF-BAB9-45EE-9623-10EE36456EA3}.Debug|Any CPU.Build.0 = Debug|Any CPU
		{365976EF-BAB9-45EE-9623-10EE36456EA3}.Release|Any CPU.ActiveCfg = Release|Any CPU
		{365976EF-BAB9-45EE-9623-10EE36456EA3}.Release|Any CPU.Build.0 = Release|Any CPU
	EndGlobalSection
	GlobalSection(SolutionProperties) = preSolution
		HideSolutionNode = FALSE
	EndGlobalSection
	GlobalSection(ExtensibilityGlobals) = postSolution
		SolutionGuid = {46B45108-D191-43BE-B7A6-37CD9D654B03}
	EndGlobalSection
EndGlobal
